
Microsoft Visual Studio Solution File, Format Version 12.00
# Visual Studio Version 16
VisualStudioVersion = 16.0.30621.155
MinimumVisualStudioVersion = 10.0.40219.1
Project("{FAE04EC0-301F-11D3-BF4B-00C04F79EFBC}") = "PrismRegisterManySingletonRepro", "PrismRegisterManySingletonRepro\PrismRegisterManySingletonRepro.csproj", "{D68FB427-DF6B-470E-B56D-B2267AB0AC0B}"
EndProject
Global
	GlobalSection(SolutionConfigurationPlatforms) = preSolution
		Debug|Any CPU = Debug|Any CPU
		Release|Any CPU = Release|Any CPU
	EndGlobalSection
	GlobalSection(ProjectConfigurationPlatforms) = postSolution
		{D68FB427-DF6B-470E-B56D-B2267AB0AC0B}.Debug|Any CPU.ActiveCfg = Debug|Any CPU
		{D68FB427-DF6B-470E-B56D-B2267AB0AC0B}.Debug|Any CPU.Build.0 = Debug|Any CPU
		{D68FB427-DF6B-470E-B56D-B2267AB0AC0B}.Release|Any CPU.ActiveCfg = Release|Any CPU
		{D68FB427-DF6B-470E-B56D-B2267AB0AC0B}.Release|Any CPU.Build.0 = Release|Any CPU
	EndGlobalSection
	GlobalSection(SolutionProperties) = preSolution
		HideSolutionNode = FALSE
	EndGlobalSection
	GlobalSection(ExtensibilityGlobals) = postSolution
		SolutionGuid = {1C29C9BA-8A3E-4393-A487-45901E215E3C}
	EndGlobalSection
EndGlobal
